{
  "name": "mlhub",
  "lockfileVersion": 3,
  "requires": true,
  "packages": {
    "": {
      "devDependencies": {
        "baseline-browser-mapping": "^2.8.30"
      }
    },
    "node_modules/baseline-browser-mapping": {
      "version": "2.8.30",
      "resolved": "https://registry.npmjs.org/baseline-browser-mapping/-/baseline-browser-mapping-2.8.30.tgz",
      "integrity": "sha512-aTUKW4ptQhS64+v2d6IkPzymEzzhw+G0bA1g3uBRV3+ntkH+svttKseW5IOR4Ed6NUVKqnY7qT3dKvzQ7io4AA==",
      "dev": true,
      "license": "Apache-2.0",
      "bin": {
        "baseline-browser-mapping": "dist/cli.js"
      }
    }
  }
}
